
Microsoft Visual Studio Solution File, Format Version 12.00
# Visual Studio Version 17
VisualStudioVersion = 17.6.33723.286
MinimumVisualStudioVersion = 10.0.40219.1
Project("{FAE04EC0-301F-11D3-BF4B-00C04F79EFBC}") = "MegaMart", "MegaMart\MegaMart.csproj", "{BC6F2C2D-DA40-4984-83F4-33D1BA92691E}"
EndProject
Global
	GlobalSection(SolutionConfigurationPlatforms) = preSolution
		Debug|Any CPU = Debug|Any CPU
		Release|Any CPU = Release|Any CPU
	EndGlobalSection
	GlobalSection(ProjectConfigurationPlatforms) = postSolution
		{BC6F2C2D-DA40-4984-83F4-33D1BA92691E}.Debug|Any CPU.ActiveCfg = Debug|Any CPU
		{BC6F2C2D-DA40-4984-83F4-33D1BA92691E}.Debug|Any CPU.Build.0 = Debug|Any CPU
		{BC6F2C2D-DA40-4984-83F4-33D1BA92691E}.Release|Any CPU.ActiveCfg = Release|Any CPU
		{BC6F2C2D-DA40-4984-83F4-33D1BA92691E}.Release|Any CPU.Build.0 = Release|Any CPU
	EndGlobalSection
	GlobalSection(SolutionProperties) = preSolution
		HideSolutionNode = FALSE
	EndGlobalSection
	GlobalSection(ExtensibilityGlobals) = postSolution
		SolutionGuid = {38C2A5BA-4262-4FD6-8957-9DD25809DEE2}
	EndGlobalSection
EndGlobal
